// !$*UTF8*$!
{
	archiveVersion = 1;
	classes = {
	};
	objectVersion = 48;
	objects = {

/* Begin PBXBuildFile section */
		15F835521FC99E3400CCF5FA /* AppDelegate.swift in Sources */ = {isa = PBXBuildFile; fileRef = 15F835511FC99E3400CCF5FA /* AppDelegate.swift */; };
		15F835541FC99E3400CCF5FA /* ViewController.swift in Sources */ = {isa = PBXBuildFile; fileRef = 15F835531FC99E3400CCF5FA /* ViewController.swift */; };
		15F835571FC99E3400CCF5FA /* Main.storyboard in Resources */ = {isa = PBXBuildFile; fileRef = 15F835551FC99E3400CCF5FA /* Main.storyboard */; };
		15F835591FC99E3400CCF5FA /* Assets.xcassets in Resources */ = {isa = PBXBuildFile; fileRef = 15F835581FC99E3400CCF5FA /* Assets.xcassets */; };
		15F8355C1FC99E3400CCF5FA /* LaunchScreen.storyboard in Resources */ = {isa = PBXBuildFile; fileRef = 15F8355A1FC99E3400CCF5FA /* LaunchScreen.storyboard */; };
/* End PBXBuildFile section */

/* Begin PBXFileReference section */
		15F8354E1FC99E3400CCF5FA /* SwiftyDynamicFontSettings.app */ = {isa = PBXFileReference; explicitFileType = wrapper.application; includeInIndex = 0; path = SwiftyDynamicFontSettings.app; sourceTree = BUILT_PRODUCTS_DIR; };
		15F835511FC99E3400CCF5FA /* AppDelegate.swift */ = {isa = PBXFileReference; lastKnownFileType = sourcecode.swift; path = AppDelegate.swift; sourceTree = "<group>"; };
		15F835531FC99E3400CCF5FA /* ViewController.swift */ = {isa = PBXFileReference; lastKnownFileType = sourcecode.swift; path = ViewController.swift; sourceTree = "<group>"; };
		15F835561FC99E3400CCF5FA /* Base */ = {isa = PBXFileReference; lastKnownFileType = file.storyboard; name = Base; path = Base.lproj/Main.storyboard; sourceTree = "<group>"; };
		15F835581FC99E3400CCF5FA /* Assets.xcassets */ = {isa = PBXFileReference; lastKnownFileType = folder.assetcatalog; path = Assets.xcassets; sourceTree = "<group>"; };
		15F8355B1FC99E3400CCF5FA /* Base */ = {isa = PBXFileReference; lastKnownFileType = file.storyboard; name = Base; path = Base.lproj/LaunchScreen.storyboard; sourceTree = "<group>"; };
		15F8355D1FC99E3400CCF5FA /* Info.plist */ = {isa = PBXFileReference; lastKnownFileType = text.plist.xml; path = Info.plist; sourceTree = "<group>"; };
/* End PBXFileReference section */

/* Begin PBXFrameworksBuildPhase section */
		15F8354B1FC99E3400CCF5FA /* Frameworks */ = {
			isa = PBXFrameworksBuildPhase;
			buildActionMask = 2147483647;
			files = (
			);
			runOnlyForDeploymentPostprocessing = 0;
		};
/* End PBXFrameworksBuildPhase section */

/* Begin PBXGroup section */
		15F835451FC99E3400CCF5FA = {
			isa = PBXGroup;
			children = (
				15F835501FC99E3400CCF5FA /* SwiftyDynamicFontSettings */,
				15F8354F1FC99E3400CCF5FA /* Products */,
			);
			sourceTree = "<group>";
		};
		15F8354F1FC99E3400CCF5FA /* Products */ = {
			isa = PBXGroup;
			children = (
				15F8354E1FC99E3400CCF5FA /* SwiftyDynamicFontSettings.app */,
			);
			name = Products;
			sourceTree = "<group>";
		};
		15F835501FC99E3400CCF5FA /* SwiftyDynamicFontSettings */ = {
			isa = PBXGroup;
			children = (
				15F835511FC99E3400CCF5FA /* AppDelegate.swift */,
				15F835531FC99E3400CCF5FA /* ViewController.swift */,
				15F835551FC99E3400CCF5FA /* Main.storyboard */,
				15F835581FC99E3400CCF5FA /* Assets.xcassets */,
				15F8355A1FC99E3400CCF5FA /* LaunchScreen.storyboard */,
				15F8355D1FC99E3400CCF5FA /* Info.plist */,
			);
			path = SwiftyDynamicFontSettings;
			sourceTree = "<group>";
		};
/* End PBXGroup section */

/* Begin PBXNativeTarget section */
		15F8354D1FC99E3400CCF5FA /* SwiftyDynamicFontSettings */ = {
			isa = PBXNativeTarget;
			buildConfigurationList = 15F835601FC99E3400CCF5FA /* Build configuration list for PBXNativeTarget "SwiftyDynamicFontSettings" */;
			buildPhases = (
				15F8354A1FC99E3400CCF5FA /* Sources */,
				15F8354B1FC99E3400CCF5FA /* Frameworks */,
				15F8354C1FC99E3400CCF5FA /* Resources */,
			);
			buildRules = (
			);
			dependencies = (
			);
			name = SwiftyDynamicFontSettings;
			productName = SwiftyDynamicFontSettings;
			productReference = 15F8354E1FC99E3400CCF5FA /* SwiftyDynamicFontSettings.app */;
			productType = "com.apple.product-type.application";
		};
/* End PBXNativeTarget section */

/* Begin PBXProject section */
		15F835461FC99E3400CCF5FA /* Project object */ = {
			isa = PBXProject;
			attributes = {
				LastSwiftUpdateCheck = 0900;
				LastUpgradeCheck = 0900;
				ORGANIZATIONNAME = "Sugam Kalra";
				TargetAttributes = {
					15F8354D1FC99E3400CCF5FA = {
						CreatedOnToolsVersion = 9.0;
						ProvisioningStyle = Automatic;
					};
				};
			};
			buildConfigurationList = 15F835491FC99E3400CCF5FA /* Build configuration list for PBXProject "SwiftyDynamicFontSettings" */;
			compatibilityVersion = "Xcode 8.0";
			developmentRegion = en;
			hasScannedForEncodings = 0;
			knownRegions = (
				en,
				Base,
			);
			mainGroup = 15F835451FC99E3400CCF5FA;
			productRefGroup = 15F8354F1FC99E3400CCF5FA /* Products */;
			projectDirPath = "";
			projectRoot = "";
			targets = (
				15F8354D1FC99E3400CCF5FA /* SwiftyDynamicFontSettings */,
			);
		};
/* End PBXProject section */

/* Begin PBXResourcesBuildPhase section */
		15F8354C1FC99E3400CCF5FA /* Resources */ = {
			isa = PBXResourcesBuildPhase;
			buildActionMask = 2147483647;
			files = (
				15F8355C1FC99E3400CCF5FA /* LaunchScreen.storyboard in Resources */,
				15F835591FC99E3400CCF5FA /* Assets.xcassets in Resources */,
				15F835571FC99E3400CCF5FA /* Main.storyboard in Resources */,
			);
			runOnlyForDeploymentPostprocessing = 0;
		};
/* End PBXResourcesBuildPhase section */

/* Begin PBXSourcesBuildPhase section */
		15F8354A1FC99E3400CCF5FA /* Sources */ = {
			isa = PBXSourcesBuildPhase;
			buildActionMask = 2147483647;
			files = (
				15F835541FC99E3400CCF5FA /* ViewController.swift in Sources */,
				15F835521FC99E3400CCF5FA /* AppDelegate.swift in Sources */,
			);
			runOnlyForDeploymentPostprocessing = 0;
		};
/* End PBXSourcesBuildPhase section */

/* Begin PBXVariantGroup section */
		15F835551FC99E3400CCF5FA /* Main.storyboard */ = {
			isa = PBXVariantGroup;
			children = (
				15F835561FC99E3400CCF5FA /* Base */,
			);
			name = Main.storyboard;
			sourceTree = "<group>";
		};
		15F8355A1FC99E3400CCF5FA /* LaunchScreen.storyboard */ = {
			isa = PBXVariantGroup;
			children = (
				15F8355B1FC99E3400CCF5FA /* Base */,
			);
			name = LaunchScreen.storyboard;
			sourceTree = "<group>";
		};
/* End PBXVariantGroup section */

/* Begin XCBuildConfiguration section */
		15F8355E1FC99E3400CCF5FA /* Debug */ = {
			isa = XCBuildConfiguration;
			buildSettings = {
				ALWAYS_SEARCH_USER_PATHS = NO;
				CLANG_ANALYZER_NONNULL = YES;
				CLANG_ANALYZER_NUMBER_OBJECT_CONVERSION = YES_AGGRESSIVE;
				CLANG_CXX_LANGUAGE_STANDARD = "gnu++14";
				CLANG_CXX_LIBRARY = "libc++";
				CLANG_ENABLE_MODULES = YES;
				CLANG_ENABLE_OBJC_ARC = YES;
				CLANG_WARN_BLOCK_CAPTURE_AUTORELEASING = YES;
				CLANG_WARN_BOOL_CONVERSION = YES;
				CLANG_WARN_COMMA = YES;
				CLANG_WARN_CONSTANT_CONVERSION = YES;
				CLANG_WARN_DIRECT_OBJC_ISA_USAGE = YES_ERROR;
				CLANG_WARN_DOCUMENTATION_COMMENTS = YES;
				CLANG_WARN_EMPTY_BODY = YES;
				CLANG_WARN_ENUM_CONVERSION = YES;
				CLANG_WARN_INFINITE_RECURSION = YES;
				CLANG_WARN_INT_CONVERSION = YES;
				CLANG_WARN_NON_LITERAL_NULL_CONVERSION = YES;
				CLANG_WARN_OBJC_LITERAL_CONVERSION = YES;
				CLANG_WARN_OBJC_ROOT_CLASS = YES_ERROR;
				CLANG_WARN_RANGE_LOOP_ANALYSIS = YES;
				CLANG_WARN_STRICT_PROTOTYPES = YES;
				CLANG_WARN_SUSPICIOUS_MOVE = YES;
				CLANG_WARN_UNGUARDED_AVAILABILITY = YES_AGGRESSIVE;
				CLANG_WARN_UNREACHABLE_CODE = YES;
				CLANG_WARN__DUPLICATE_METHOD_MATCH = YES;
				CODE_SIGN_IDENTITY = "iPhone Developer";
				COPY_PHASE_STRIP = NO;
				DEBUG_INFORMATION_FORMAT = dwarf;
				ENABLE_STRICT_OBJC_MSGSEND = YES;
				ENABLE_TESTABILITY = YES;
				GCC_C_LANGUAGE_STANDARD = gnu11;
				GCC_DYNAMIC_NO_PIC = NO;
				GCC_NO_COMMON_BLOCKS = YES;
				GCC_OPTIMIZATION_LEVEL = 0;
				GCC_PREPROCESSOR_DEFINITIONS = (
					"DEBUG=1",
					"$(inherited)",
				);
				GCC_WARN_64_TO_32_BIT_CONVERSION = YES;
				GCC_WARN_ABOUT_RETURN_TYPE = YES_ERROR;
				GCC_WARN_UNDECLARED_SELECTOR = YES;
				GCC_WARN_UNINITIALIZED_AUTOS = YES_AGGRESSIVE;
				GCC_WARN_UNUSED_FUNCTION = YES;
				GCC_WARN_UNUSED_VARIABLE = YES;
				IPHONEOS_DEPLOYMENT_TARGET = 11.0;
				MTL_ENABLE_DEBUG_INFO = YES;
				ONLY_ACTIVE_ARCH = YES;
				SDKROOT = iphoneos;
				SWIFT_ACTIVE_COMPILATION_CONDITIONS = DEBUG;
				SWIFT_OPTIMIZATION_LEVEL = "-Onone";
			};
			name = Debug;
		};
		15F8355F1FC99E3400CCF5FA /* Release */ = {
			isa = XCBuildConfiguration;
			buildSettings = {
				ALWAYS_SEARCH_USER_PATHS = NO;
				CLANG_ANALYZER_NONNULL = YES;
				CLANG_ANALYZER_NUMBER_OBJECT_CONVERSION = YES_AGGRESSIVE;
				CLANG_CXX_LANGUAGE_STANDARD = "gnu++14";
				CLANG_CXX_LIBRARY = "libc++";
				CLANG_ENABLE_MODULES = YES;
				CLANG_ENABLE_OBJC_ARC = YES;
				CLANG_WARN_BLOCK_CAPTURE_AUTORELEASING = YES;
				CLANG_WARN_BOOL_CONVERSION = YES;
				CLANG_WARN_COMMA = YES;
				CLANG_WARN_CONSTANT_CONVERSION = YES;
				CLANG_WARN_DIRECT_OBJC_ISA_USAGE = YES_ERROR;
				CLANG_WARN_DOCUMENTATION_COMMENTS = YES;
				CLANG_WARN_EMPTY_BODY = YES;
				CLANG_WARN_ENUM_CONVERSION = YES;
				CLANG_WARN_INFINITE_RECURSION = YES;
				CLANG_WARN_INT_CONVERSION = YES;
				CLANG_WARN_NON_LITERAL_NULL_CONVERSION = YES;
				CLANG_WARN_OBJC_LITERAL_CONVERSION = YES;
				CLANG_WARN_OBJC_ROOT_CLASS = YES_ERROR;
				CLANG_WARN_RANGE_LOOP_ANALYSIS = YES;
				CLANG_WARN_STRICT_PROTOTYPES = YES;
				CLANG_WARN_SUSPICIOUS_MOVE = YES;
				CLANG_WARN_UNGUARDED_AVAILABILITY = YES_AGGRESSIVE;
				CLANG_WARN_UNREACHABLE_CODE = YES;
				CLANG_WARN__DUPLICATE_METHOD_MATCH = YES;
				CODE_SIGN_IDENTITY = "iPhone Developer";
				COPY_PHASE_STRIP = NO;
				DEBUG_INFORMATION_FORMAT = "dwarf-with-dsym";
				ENABLE_NS_ASSERTIONS = NO;
				ENABLE_STRICT_OBJC_MSGSEND = YES;
				GCC_C_LANGUAGE_STANDARD = gnu11;
				GCC_NO_COMMON_BLOCKS = YES;
				GCC_WARN_64_TO_32_BIT_CONVERSION = YES;
				GCC_WARN_ABOUT_RETURN_TYPE = YES_ERROR;
				GCC_WARN_UNDECLARED_SELECTOR = YES;
				GCC_WARN_UNINITIALIZED_AUTOS = YES_AGGRESSIVE;
				GCC_WARN_UNUSED_FUNCTION = YES;
				GCC_WARN_UNUSED_VARIABLE = YES;
				IPHONEOS_DEPLOYMENT_TARGET = 11.0;
				MTL_ENABLE_DEBUG_INFO = NO;
				SDKROOT = iphoneos;
				SWIFT_OPTIMIZATION_LEVEL = "-Owholemodule";
				VALIDATE_PRODUCT = YES;
			};
			name = Release;
		};
		15F835611FC99E3400CCF5FA /* Debug */ = {
			isa = XCBuildConfiguration;
			buildSettings = {
				ASSETCATALOG_COMPILER_APPICON_NAME = AppIcon;
				"CODE_SIGN_IDENTITY[sdk=iphoneos*]" = "iPhone Developer";
				CODE_SIGN_STYLE = Automatic;
				DEVELOPMENT_TEAM = 4A7AK59LJ2;
				INFOPLIST_FILE = SwiftyDynamicFontSettings/Info.plist;
				LD_RUNPATH_SEARCH_PATHS = "$(inherited) @executable_path/Frameworks";
				PRODUCT_BUNDLE_IDENTIFIER = com.Appirio.SwiftyDynamicFontSettings;
				PRODUCT_NAME = "$(TARGET_NAME)";
				PROVISIONING_PROFILE_SPECIFIER = "";
				SWIFT_VERSION = 4.0;
				TARGETED_DEVICE_FAMILY = "1,2";
			};
			name = Debug;
		};
		15F835621FC99E3400CCF5FA /* Release */ = {
			isa = XCBuildConfiguration;
			buildSettings = {
				ASSETCATALOG_COMPILER_APPICON_NAME = AppIcon;
				"CODE_SIGN_IDENTITY[sdk=iphoneos*]" = "iPhone Developer";
				CODE_SIGN_STYLE = Automatic;
				DEVELOPMENT_TEAM = 4A7AK59LJ2;
				INFOPLIST_FILE = SwiftyDynamicFontSettings/Info.plist;
				LD_RUNPATH_SEARCH_PATHS = "$(inherited) @executable_path/Frameworks";
				PRODUCT_BUNDLE_IDENTIFIER = com.Appirio.SwiftyDynamicFontSettings;
				PRODUCT_NAME = "$(TARGET_NAME)";
				PROVISIONING_PROFILE_SPECIFIER = "";
				SWIFT_VERSION = 4.0;
				TARGETED_DEVICE_FAMILY = "1,2";
			};
			name = Release;
		};
/* End XCBuildConfiguration section */

/* Begin XCConfigurationList section */
		15F835491FC99E3400CCF5FA /* Build configuration list for PBXProject "SwiftyDynamicFontSettings" */ = {
			isa = XCConfigurationList;
			buildConfigurations = (
				15F8355E1FC99E3400CCF5FA /* Debug */,
				15F8355F1FC99E3400CCF5FA /* Release */,
			);
			defaultConfigurationIsVisible = 0;
			defaultConfigurationName = Release;
		};
		15F835601FC99E3400CCF5FA /* Build configuration list for PBXNativeTarget "SwiftyDynamicFontSettings" */ = {
			isa = XCConfigurationList;
			buildConfigurations = (
				15F835611FC99E3400CCF5FA /* Debug */,
				15F835621FC99E3400CCF5FA /* Release */,
			);
			defaultConfigurationIsVisible = 0;
			defaultConfigurationName = Release;
		};
/* End XCConfigurationList section */
	};
	rootObject = 15F835461FC99E3400CCF5FA /* Project object */;
}
